
Microsoft Visual Studio Solution File, Format Version 12.00
# Visual Studio Version 16
VisualStudioVersion = 16.0.31613.86
MinimumVisualStudioVersion = 10.0.40219.1
Project("{FAE04EC0-301F-11D3-BF4B-00C04F79EFBC}") = "ProbandoGit", "ProbandoGit\ProbandoGit.csproj", "{83B6C05A-A317-4040-A098-D9D72B370612}"
EndProject
Global
	GlobalSection(SolutionConfigurationPlatforms) = preSolution
		Debug|Any CPU = Debug|Any CPU
		Release|Any CPU = Release|Any CPU
	EndGlobalSection
	GlobalSection(ProjectConfigurationPlatforms) = postSolution
		{83B6C05A-A317-4040-A098-D9D72B370612}.Debug|Any CPU.ActiveCfg = Debug|Any CPU
		{83B6C05A-A317-4040-A098-D9D72B370612}.Debug|Any CPU.Build.0 = Debug|Any CPU
		{83B6C05A-A317-4040-A098-D9D72B370612}.Release|Any CPU.ActiveCfg = Release|Any CPU
		{83B6C05A-A317-4040-A098-D9D72B370612}.Release|Any CPU.Build.0 = Release|Any CPU
	EndGlobalSection
	GlobalSection(SolutionProperties) = preSolution
		HideSolutionNode = FALSE
	EndGlobalSection
	GlobalSection(ExtensibilityGlobals) = postSolution
		SolutionGuid = {1AE3F51D-3747-49D3-9F80-726067090DD2}
	EndGlobalSection
EndGlobal
